# This file is generated by running "yarn install" inside your project.
# Manual changes might be lost - proceed with caution!

__metadata:
  version: 6
  cacheKey: 8c0

"@babel/runtime@npm:^7.6.0":
  version: 7.17.8
  resolution: "@babel/runtime@npm:7.17.8"
  dependencies:
    regenerator-runtime: ^0.13.4
  checksum: e06384a648b9b8be6a20fd6185b3d96701cd70c2fd43cec71bda8755d16cd087a8e985a408d9d56a36d4cc07e36167745ce63457f33487199328e800a6c64d48
  languageName: node
  linkType: hard

"@octokit/auth-app@npm:^2.4.5":
  version: 2.11.0
  resolution: "@octokit/auth-app@npm:2.11.0"
  dependencies:
    "@octokit/request": ^5.4.11
    "@octokit/request-error": ^2.0.0
    "@octokit/types": ^6.0.3
    "@types/lru-cache": ^5.1.0
    deprecation: ^2.3.1
    lru-cache: ^6.0.0
    universal-github-app-jwt: ^1.0.1
    universal-user-agent: ^6.0.0
  checksum: 18941dc2ca5187be77857d6394e08b62e738439c2617f1b839ad08b0393fa5e41a0e5c5d24f90ea9b720a2586f543a1f32c406f67e5be7e646d0a3084ca2a821
  languageName: node
  linkType: hard

"@octokit/auth-token@npm:^2.4.0":
  version: 2.4.5
  resolution: "@octokit/auth-token@npm:2.4.5"
  dependencies:
    "@octokit/types": ^6.0.3
  checksum: f3b97f97d2605ba075d19c565cf8b1439f55f6319dd3722e495dac59141a56ecd4db4dc5ce168389bb66913194cc7d4c93c237f6d63e5ab3ce394777d296a239
  languageName: node
  linkType: hard

"@octokit/core@npm:^2.4.3":
  version: 2.5.4
  resolution: "@octokit/core@npm:2.5.4"
  dependencies:
    "@octokit/auth-token": ^2.4.0
    "@octokit/graphql": ^4.3.1
    "@octokit/request": ^5.4.0
    "@octokit/types": ^5.0.0
    before-after-hook: ^2.1.0
    universal-user-agent: ^5.0.0
  checksum: 1ea4a4b4ff33edad377f39ee8d578fa26b08fd489d666f1cd0ad1ba7175fa9d3887431b40fc2b4606fe9c13a2002c350a949a1c2c68c67edd421422665f805bb
  languageName: node
  linkType: hard

"@octokit/endpoint@npm:^6.0.1":
  version: 6.0.11
  resolution: "@octokit/endpoint@npm:6.0.11"
  dependencies:
    "@octokit/types": ^6.0.3
    is-plain-object: ^5.0.0
    universal-user-agent: ^6.0.0
  checksum: 0a3cc4f54d7f3be84ed88d1ebc3336ed7ee29a0b5a93cf04c8ee459619ccd8c38be1d8705461e4c2d5fac811fa930e0fb5a8d1157680920e8795d5f112daa01d
  languageName: node
  linkType: hard

"@octokit/graphql@npm:^4.3.1":
  version: 4.6.1
  resolution: "@octokit/graphql@npm:4.6.1"
  dependencies:
    "@octokit/request": ^5.3.0
    "@octokit/types": ^6.0.3
    universal-user-agent: ^6.0.0
  checksum: 1244842fc8b8310567cb12a1e8905d76de352bd0e63b83f3285ad6169e02dbe831d27ec0a2d3adeab988105ee8fd3ca0bc65a83c2d0ad2db4c2eee2ef1964a8f
  languageName: node
  linkType: hard

"@octokit/openapi-types@npm:^6.2.0":
  version: 6.2.0
  resolution: "@octokit/openapi-types@npm:6.2.0"
  checksum: 54e6c50f70d92d8a590a6dce7b7d6aa26bb51ed237ce44dbe78586687520431a83f7ec69234ec47255b5219064bf3839f804f773b65615f925797828a73b7cdd
  languageName: node
  linkType: hard

"@octokit/plugin-paginate-rest@npm:^2.2.0":
  version: 2.13.3
  resolution: "@octokit/plugin-paginate-rest@npm:2.13.3"
  dependencies:
    "@octokit/types": ^6.11.0
  peerDependencies:
    "@octokit/core": ">=2"
  checksum: c0e35b00b03b8610b63801f7c90ba191d570898b6396c41bc6d6c0c975dfdb9a639cca885b2e5d9e8f34be80a5a6a3ff7cf546a76361ef3f6b3c033bcab5e2d5
  languageName: node
  linkType: hard

"@octokit/plugin-request-log@npm:^1.0.0":
  version: 1.0.3
  resolution: "@octokit/plugin-request-log@npm:1.0.3"
  peerDependencies:
    "@octokit/core": ">=3"
  checksum: 37d1de1abdbc0081daa6b173ceb91b7c0f51710294c3fe61baae8bb7810bf6c35d4cf0e587f7071c5a9ce91ac7392defcf7e584301959aead4dd3e3044cf6184
  languageName: node
  linkType: hard

"@octokit/plugin-rest-endpoint-methods@npm:3.17.0":
  version: 3.17.0
  resolution: "@octokit/plugin-rest-endpoint-methods@npm:3.17.0"
  dependencies:
    "@octokit/types": ^4.1.6
    deprecation: ^2.3.1
  checksum: 25768a36387598fcb1474276511e96e3edd337e0dba3bc82a6de33fceb828fec3166ac14f442d1fdafb5820a0aa71f7de9b770780d3402ac3afb114d0f920132
  languageName: node
  linkType: hard

"@octokit/request-error@npm:^2.0.0":
  version: 2.0.5
  resolution: "@octokit/request-error@npm:2.0.5"
  dependencies:
    "@octokit/types": ^6.0.3
    deprecation: ^2.0.0
    once: ^1.4.0
  checksum: a24ca6c93bb9559c187c5c3dc2f4fa6ddfd7d534d4224a68493c803bd7ab23b93621cbca0b2f15ab3decd8c0f37cf4b80893f05ee931cd962d48466e2f6ed051
  languageName: node
  linkType: hard

"@octokit/request@npm:^5.3.0, @octokit/request@npm:^5.4.0, @octokit/request@npm:^5.4.11":
  version: 5.4.15
  resolution: "@octokit/request@npm:5.4.15"
  dependencies:
    "@octokit/endpoint": ^6.0.1
    "@octokit/request-error": ^2.0.0
    "@octokit/types": ^6.7.1
    is-plain-object: ^5.0.0
    node-fetch: ^2.6.1
    universal-user-agent: ^6.0.0
  checksum: 32ad787f883a536d943b0309bfd85216c63f425b1c86faba17b7f2cfb8868e9e6a1d81f2080d89a92bf575bd1e6ddfac6a19f6b6a4303a595da07ec0a35fe2c0
  languageName: node
  linkType: hard

"@octokit/rest@npm:^17.11.0":
  version: 17.11.2
  resolution: "@octokit/rest@npm:17.11.2"
  dependencies:
    "@octokit/core": ^2.4.3
    "@octokit/plugin-paginate-rest": ^2.2.0
    "@octokit/plugin-request-log": ^1.0.0
    "@octokit/plugin-rest-endpoint-methods": 3.17.0
  checksum: 5f33c94ca40b0c7e820cfb5d184cf7c044ccc21f48c4691f45827369554ad31e0adacc1e9d5acbb081f53905fad2a0a4ba44eb2a789513e2a0850dd83f7dc5a0
  languageName: node
  linkType: hard

"@octokit/types@npm:^4.1.6":
  version: 4.1.10
  resolution: "@octokit/types@npm:4.1.10"
  dependencies:
    "@types/node": ">= 8"
  checksum: ff6166e4bd90998b4d3b5172eb3ab2ecc8e3db2f0909c51d167a0cc782a752e473c7a67a49a3df448cf9599ac7759dca23e478ae32c5e4b9d208c30c2faa06b1
  languageName: node
  linkType: hard

"@octokit/types@npm:^5.0.0":
  version: 5.5.0
  resolution: "@octokit/types@npm:5.5.0"
  dependencies:
    "@types/node": ">= 8"
  checksum: 2dbd8d524bf428f96410e524d8d36f353470101d811cc046c007d3713b4b6d80aa0c19493da5cfc49727d3f5f7092df8324d346ebd46111c8b8c4fed8b0a46d1
  languageName: node
  linkType: hard

"@octokit/types@npm:^6.0.3, @octokit/types@npm:^6.11.0, @octokit/types@npm:^6.7.1":
  version: 6.14.0
  resolution: "@octokit/types@npm:6.14.0"
  dependencies:
    "@octokit/openapi-types": ^6.2.0
  checksum: 80b1ad052fbd634821229db9c16b0080c5282d1a9d124975d46ad09ba085b59052dcadccbc37da0cc92a9452e3251a03183d6ff008168a0b6e4a0f4678f1c911
  languageName: node
  linkType: hard

"@postman/form-data@npm:~3.1.1":
  version: 3.1.1
  resolution: "@postman/form-data@npm:3.1.1"
  dependencies:
    asynckit: ^0.4.0
    combined-stream: ^1.0.8
    mime-types: ^2.1.12
  checksum: cf049e0f40e3c26d233ea82813baeb10ec48aa8b0e9ae92c245b92317fa0259b7bf2ba589ea0f9fdee1fef2d0b4614dc9d7a069ebdda52299e28bb4900c9a66f
  languageName: node
  linkType: hard

"@postman/tunnel-agent@npm:^0.6.3":
  version: 0.6.3
  resolution: "@postman/tunnel-agent@npm:0.6.3"
  dependencies:
    safe-buffer: ^5.0.1
  checksum: e9adff1c3d7a594838140af5dfc605d33236de2ecc90cb4d9c02c0197ef2a36ea0964fd315a7f6daa0e67a3ddfee7bbabf28bab765c1aa6dec02d86d150bc892
  languageName: node
  linkType: hard

"@types/caseless@npm:*":
  version: 0.12.2
  resolution: "@types/caseless@npm:0.12.2"
  checksum: 9d35e36439266b1d2593469fcb67cead3be1bba541bf71661063cd5751a6d497375dcda063f818dda8433041193c1d74e2c868e96c4fe0e344b5beaba487348e
  languageName: node
  linkType: hard

"@types/jira-client@npm:^7.1.4":
  version: 7.1.4
  resolution: "@types/jira-client@npm:7.1.4"
  dependencies:
    "@types/node": "*"
    "@types/request": "*"
  checksum: ada89fb2458efbb586423213251992e4a31d93261575c851dbb9bcd7f4d6b464d0a01a85d52908fff1618124d56fd5fa270e93848afe849bb0e83a3e509e9e96
  languageName: node
  linkType: hard

"@types/js-yaml@npm:^4.0.3":
  version: 4.0.5
  resolution: "@types/js-yaml@npm:4.0.5"
  checksum: 37eb783b16f1704d26bbf83b35cf5d12f6018c18f2c9232515468ac60a4c5b71b6344a7b872545eeca3dfd66bb17e2bb1e611646cc727d7c6a001165a4ec0a32
  languageName: node
  linkType: hard

"@types/jsonwebtoken@npm:^8.3.3":
  version: 8.5.1
  resolution: "@types/jsonwebtoken@npm:8.5.1"
  dependencies:
    "@types/node": "*"
  checksum: 0510d16f9fbbc3fc1b99f686cefef7f43a83f5827e51e86c9265ffe50f6723feba2dee0f0c02c8792e9f8c88a0375570a4167ceb3695dec5adfcbf060ec4275e
  languageName: node
  linkType: hard

"@types/lru-cache@npm:^5.1.0":
  version: 5.1.0
  resolution: "@types/lru-cache@npm:5.1.0"
  checksum: 765b5cf6a3a003473b4e7d20f192b2c4fbf4a311defa5daab0395e68a7de8c1621a838dfdd9a0cb1b56c3f30dc84523e7101a96c09b44671cf685d35abd10554
  languageName: node
  linkType: hard

"@types/node@npm:*, @types/node@npm:>= 8":
  version: 15.0.1
  resolution: "@types/node@npm:15.0.1"
  checksum: aed30ebb6217146a9577f6a22cf7847732c49c927f57fd8c5fd7cd7d9e6af8563e564645bfea6f5e369b460641735afe7e2ede2007ad4b3d7ea7cb5ab08e110c
  languageName: node
  linkType: hard

"@types/request@npm:*":
  version: 2.48.8
  resolution: "@types/request@npm:2.48.8"
  dependencies:
    "@types/caseless": "*"
    "@types/node": "*"
    "@types/tough-cookie": "*"
    form-data: ^2.5.0
  checksum: 10048f20c03ab08f39b96790e88dd1411acb64001c5d5bb6820e22259c1d89b69ee8de8f3d02319676c4ebdb27578a47ec2cb980e82439dcaca3728ce56fa54d
  languageName: node
  linkType: hard

"@types/tough-cookie@npm:*":
  version: 4.0.1
  resolution: "@types/tough-cookie@npm:4.0.1"
  checksum: 3cd60402ea7b647a759f5c468e00d9125e2f668999c8dbe6d7f91c435b105e5b6a3a9ed55f352417914f6485642264897b9a0986bfad5ed48ea2e5fc7c5d3666
  languageName: node
  linkType: hard

"ajv@npm:^6.12.3":
  version: 6.12.6
  resolution: "ajv@npm:6.12.6"
  dependencies:
    fast-deep-equal: ^3.1.1
    fast-json-stable-stringify: ^2.0.0
    json-schema-traverse: ^0.4.1
    uri-js: ^4.2.2
  checksum: 41e23642cbe545889245b9d2a45854ebba51cda6c778ebced9649420d9205f2efb39cb43dbc41e358409223b1ea43303ae4839db682c848b891e4811da1a5a71
  languageName: node
  linkType: hard

"arg@npm:^4.1.0":
  version: 4.1.3
  resolution: "arg@npm:4.1.3"
  checksum: 070ff801a9d236a6caa647507bdcc7034530604844d64408149a26b9e87c2f97650055c0f049abd1efc024b334635c01f29e0b632b371ac3f26130f4cf65997a
  languageName: node
  linkType: hard

"argparse@npm:^2.0.1":
  version: 2.0.1
  resolution: "argparse@npm:2.0.1"
  checksum: c5640c2d89045371c7cedd6a70212a04e360fd34d6edeae32f6952c63949e3525ea77dbec0289d8213a99bbaeab5abfa860b5c12cf88a2e6cf8106e90dd27a7e
  languageName: node
  linkType: hard

"asn1@npm:~0.2.3":
  version: 0.2.6
  resolution: "asn1@npm:0.2.6"
  dependencies:
    safer-buffer: ~2.1.0
  checksum: 00c8a06c37e548762306bcb1488388d2f76c74c36f70c803f0c081a01d3bdf26090fc088cd812afc5e56a6d49e33765d451a5f8a68ab9c2b087eba65d2e980e0
  languageName: node
  linkType: hard

"assert-plus@npm:1.0.0, assert-plus@npm:^1.0.0":
  version: 1.0.0
  resolution: "assert-plus@npm:1.0.0"
  checksum: b194b9d50c3a8f872ee85ab110784911e696a4d49f7ee6fc5fb63216dedbefd2c55999c70cb2eaeb4cf4a0e0338b44e9ace3627117b5bf0d42460e9132f21b91
  languageName: node
  linkType: hard

"asynckit@npm:^0.4.0":
  version: 0.4.0
  resolution: "asynckit@npm:0.4.0"
  checksum: d73e2ddf20c4eb9337e1b3df1a0f6159481050a5de457c55b14ea2e5cb6d90bb69e004c9af54737a5ee0917fcf2c9e25de67777bbe58261847846066ba75bc9d
  languageName: node
  linkType: hard

"aws-sign2@npm:~0.7.0":
  version: 0.7.0
  resolution: "aws-sign2@npm:0.7.0"
  checksum: 021d2cc5547d4d9ef1633e0332e746a6f447997758b8b68d6fb33f290986872d2bff5f0c37d5832f41a7229361f093cd81c40898d96ed153493c0fb5cd8575d2
  languageName: node
  linkType: hard

"aws4@npm:^1.8.0":
  version: 1.11.0
  resolution: "aws4@npm:1.11.0"
  checksum: 00c32a5dc0f864a731e26406fa7d51595e09359dd8f9c813fa3122e3833f564bf95b78cdf6acf8b5d0462403d7c73ce5f22ad19050d75b17019c7978f970c4fa
  languageName: node
  linkType: hard

"base64-js@npm:^1.1.2":
  version: 1.5.1
  resolution: "base64-js@npm:1.5.1"
  checksum: f23823513b63173a001030fae4f2dabe283b99a9d324ade3ad3d148e218134676f1ee8568c877cd79ec1c53158dcf2d2ba527a97c606618928ba99dd930102bf
  languageName: node
  linkType: hard

"bcrypt-pbkdf@npm:^1.0.0":
  version: 1.0.2
  resolution: "bcrypt-pbkdf@npm:1.0.2"
  dependencies:
    tweetnacl: ^0.14.3
  checksum: ddfe85230b32df25aeebfdccfbc61d3bc493ace49c884c9c68575de1f5dcf733a5d7de9def3b0f318b786616b8d85bad50a28b1da1750c43e0012c93badcc148
  languageName: node
  linkType: hard

"before-after-hook@npm:^2.1.0":
  version: 2.2.1
  resolution: "before-after-hook@npm:2.2.1"
  checksum: 9e78b20c4ae64a897b5949f60ea6fb6b80efa8f11d6007670024a8836125ce10a524e25b094a4d28aba2ac1d553f03de683e899f11688fb2692a9639e3af3857
  languageName: node
  linkType: hard

"bluebird@npm:^2.6.2":
  version: 2.11.0
  resolution: "bluebird@npm:2.11.0"
  checksum: d0c55c4c5f56522ee53e1762908c73ad97e403ce24d80ae99af3bf8902764530df0f7c88f35a1de809aa4b62d474c17f6bd83c8bc4f8cb539c50fddec1896c20
  languageName: node
  linkType: hard

"brotli@npm:~1.3.2":
  version: 1.3.2
  resolution: "brotli@npm:1.3.2"
  dependencies:
    base64-js: ^1.1.2
  checksum: 70b7e62596181448a6234eea63a2a1fc790bdf21551b7679152fa3b099c6a9e66f065445c4523ae66296d665bb4036909d2d2695f17d70467779209ffcba08f8
  languageName: node
  linkType: hard

"buffer-equal-constant-time@npm:1.0.1":
  version: 1.0.1
  resolution: "buffer-equal-constant-time@npm:1.0.1"
  checksum: fb2294e64d23c573d0dd1f1e7a466c3e978fe94a4e0f8183937912ca374619773bef8e2aceb854129d2efecbbc515bbd0cc78d2734a3e3031edb0888531bbc8e
  languageName: node
  linkType: hard

"buffer-from@npm:^1.0.0":
  version: 1.1.2
  resolution: "buffer-from@npm:1.1.2"
  checksum: 124fff9d66d691a86d3b062eff4663fe437a9d9ee4b47b1b9e97f5a5d14f6d5399345db80f796827be7c95e70a8e765dd404b7c3ff3b3324f98e9b0c8826cc34
  languageName: node
  linkType: hard

"caseless@npm:~0.12.0":
  version: 0.12.0
  resolution: "caseless@npm:0.12.0"
  checksum: ccf64bcb6c0232cdc5b7bd91ddd06e23a4b541f138336d4725233ac538041fb2f29c2e86c3c4a7a61ef990b665348db23a047060b9414c3a6603e9fa61ad4626
  languageName: node
  linkType: hard

"combined-stream@npm:^1.0.6, combined-stream@npm:^1.0.8, combined-stream@npm:~1.0.6":
  version: 1.0.8
  resolution: "combined-stream@npm:1.0.8"
  dependencies:
    delayed-stream: ~1.0.0
  checksum: 0dbb829577e1b1e839fa82b40c07ffaf7de8a09b935cadd355a73652ae70a88b4320db322f6634a4ad93424292fa80973ac6480986247f1734a1137debf271d5
  languageName: node
  linkType: hard

"commander@npm:^5.1.0":
  version: 5.1.0
  resolution: "commander@npm:5.1.0"
  checksum: da9d71dbe4ce039faf1fe9eac3771dca8c11d66963341f62602f7b66e36d2a3f8883407af4f9a37b1db1a55c59c0c1325f186425764c2e963dc1d67aec2a4b6d
  languageName: node
  linkType: hard

"core-util-is@npm:1.0.2":
  version: 1.0.2
  resolution: "core-util-is@npm:1.0.2"
  checksum: 980a37a93956d0de8a828ce508f9b9e3317039d68922ca79995421944146700e4aaf490a6dbfebcb1c5292a7184600c7710b957d724be1e37b8254c6bc0fe246
  languageName: node
  linkType: hard

"create-require@npm:^1.1.0":
  version: 1.1.1
  resolution: "create-require@npm:1.1.1"
  checksum: 157cbc59b2430ae9a90034a5f3a1b398b6738bf510f713edc4d4e45e169bc514d3d99dd34d8d01ca7ae7830b5b8b537e46ae8f3c8f932371b0875c0151d7ec91
  languageName: node
  linkType: hard

"cross-spawn@npm:^6.0.0":
  version: 6.0.5
  resolution: "cross-spawn@npm:6.0.5"
  dependencies:
    nice-try: ^1.0.4
    path-key: ^2.0.1
    semver: ^5.5.0
    shebang-command: ^1.2.0
    which: ^1.2.9
  checksum: e05544722e9d7189b4292c66e42b7abeb21db0d07c91b785f4ae5fefceb1f89e626da2703744657b287e86dcd4af57b54567cef75159957ff7a8a761d9055012
  languageName: node
  linkType: hard

"dashdash@npm:^1.12.0":
  version: 1.14.1
  resolution: "dashdash@npm:1.14.1"
  dependencies:
    assert-plus: ^1.0.0
  checksum: 64589a15c5bd01fa41ff7007e0f2c6552c5ef2028075daa16b188a3721f4ba001841bf306dfc2eee6e2e6e7f76b38f5f17fb21fa847504192290ffa9e150118a
  languageName: node
  linkType: hard

"delayed-stream@npm:~1.0.0":
  version: 1.0.0
  resolution: "delayed-stream@npm:1.0.0"
  checksum: d758899da03392e6712f042bec80aa293bbe9e9ff1b2634baae6a360113e708b91326594c8a486d475c69d6259afb7efacdc3537bfcda1c6c648e390ce601b19
  languageName: node
  linkType: hard

"deprecation@npm:^2.0.0, deprecation@npm:^2.3.1":
  version: 2.3.1
  resolution: "deprecation@npm:2.3.1"
  checksum: 23d688ba66b74d09b908c40a76179418acbeeb0bfdf218c8075c58ad8d0c315130cb91aa3dffb623aa3a411a3569ce56c6460de6c8d69071c17fe6dd2442f032
  languageName: node
  linkType: hard

"diff@npm:^4.0.1":
  version: 4.0.2
  resolution: "diff@npm:4.0.2"
  checksum: 81b91f9d39c4eaca068eb0c1eb0e4afbdc5bb2941d197f513dd596b820b956fef43485876226d65d497bebc15666aa2aa82c679e84f65d5f2bfbf14ee46e32c1
  languageName: node
  linkType: hard

"ecc-jsbn@npm:~0.1.1":
  version: 0.1.2
  resolution: "ecc-jsbn@npm:0.1.2"
  dependencies:
    jsbn: ~0.1.0
    safer-buffer: ^2.1.0
  checksum: 6cf168bae1e2dad2e46561d9af9cbabfbf5ff592176ad4e9f0f41eaaf5fe5e10bb58147fe0a804de62b1ee9dad42c28810c88d652b21b6013c47ba8efa274ca1
  languageName: node
  linkType: hard

"ecdsa-sig-formatter@npm:1.0.11":
  version: 1.0.11
  resolution: "ecdsa-sig-formatter@npm:1.0.11"
  dependencies:
    safe-buffer: ^5.0.1
  checksum: ebfbf19d4b8be938f4dd4a83b8788385da353d63307ede301a9252f9f7f88672e76f2191618fd8edfc2f24679236064176fab0b78131b161ee73daa37125408c
  languageName: node
  linkType: hard

"end-of-stream@npm:^1.1.0":
  version: 1.4.4
  resolution: "end-of-stream@npm:1.4.4"
  dependencies:
    once: ^1.4.0
  checksum: 870b423afb2d54bb8d243c63e07c170409d41e20b47eeef0727547aea5740bd6717aca45597a9f2745525667a6b804c1e7bede41f856818faee5806dd9ff3975
  languageName: node
  linkType: hard

"execa@npm:^1.0.0":
  version: 1.0.0
  resolution: "execa@npm:1.0.0"
  dependencies:
    cross-spawn: ^6.0.0
    get-stream: ^4.0.0
    is-stream: ^1.1.0
    npm-run-path: ^2.0.0
    p-finally: ^1.0.0
    signal-exit: ^3.0.0
    strip-eof: ^1.0.0
  checksum: cc71707c9aa4a2552346893ee63198bf70a04b5a1bc4f8a0ef40f1d03c319eae80932c59191f037990d7d102193e83a38ec72115fff814ec2fb3099f3661a590
  languageName: node
  linkType: hard

"extend@npm:~3.0.2":
  version: 3.0.2
  resolution: "extend@npm:3.0.2"
  checksum: 73bf6e27406e80aa3e85b0d1c4fd987261e628064e170ca781125c0b635a3dabad5e05adbf07595ea0cf1e6c5396cacb214af933da7cbaf24fe75ff14818e8f9
  languageName: node
  linkType: hard

"extsprintf@npm:1.3.0":
  version: 1.3.0
  resolution: "extsprintf@npm:1.3.0"
  checksum: f75114a8388f0cbce68e277b6495dc3930db4dde1611072e4a140c24e204affd77320d004b947a132e9a3b97b8253017b2b62dce661975fb0adced707abf1ab5
  languageName: node
  linkType: hard

"extsprintf@npm:^1.2.0":
  version: 1.4.1
  resolution: "extsprintf@npm:1.4.1"
  checksum: e10e2769985d0e9b6c7199b053a9957589d02e84de42832c295798cb422a025e6d4a92e0259c1fb4d07090f5bfde6b55fd9f880ac5855bd61d775f8ab75a7ab0
  languageName: node
  linkType: hard

"fast-deep-equal@npm:^3.1.1":
  version: 3.1.3
  resolution: "fast-deep-equal@npm:3.1.3"
  checksum: 40dedc862eb8992c54579c66d914635afbec43350afbbe991235fdcb4e3a8d5af1b23ae7e79bef7d4882d0ecee06c3197488026998fb19f72dc95acff1d1b1d0
  languageName: node
  linkType: hard

"fast-json-stable-stringify@npm:^2.0.0":
  version: 2.1.0
  resolution: "fast-json-stable-stringify@npm:2.1.0"
  checksum: 7f081eb0b8a64e0057b3bb03f974b3ef00135fbf36c1c710895cd9300f13c94ba809bb3a81cf4e1b03f6e5285610a61abbd7602d0652de423144dfee5a389c9b
  languageName: node
  linkType: hard

"forever-agent@npm:~0.6.1":
  version: 0.6.1
  resolution: "forever-agent@npm:0.6.1"
  checksum: 364f7f5f7d93ab661455351ce116a67877b66f59aca199559a999bd39e3cfadbfbfacc10415a915255e2210b30c23febe9aec3ca16bf2d1ff11c935a1000e24c
  languageName: node
  linkType: hard

"form-data@npm:^2.5.0":
  version: 2.5.1
  resolution: "form-data@npm:2.5.1"
  dependencies:
    asynckit: ^0.4.0
    combined-stream: ^1.0.6
    mime-types: ^2.1.12
  checksum: 7e8fb913b84a7ac04074781a18d0f94735bbe82815ff35348803331f6480956ff0035db5bcf15826edee09fe01e665cfac664678f1526646a6374ee13f960e56
  languageName: node
  linkType: hard

"get-stream@npm:^4.0.0":
  version: 4.1.0
  resolution: "get-stream@npm:4.1.0"
  dependencies:
    pump: ^3.0.0
  checksum: 294d876f667694a5ca23f0ca2156de67da950433b6fb53024833733975d32582896dbc7f257842d331809979efccf04d5e0b6b75ad4d45744c45f193fd497539
  languageName: node
  linkType: hard

"getpass@npm:^0.1.1":
  version: 0.1.7
  resolution: "getpass@npm:0.1.7"
  dependencies:
    assert-plus: ^1.0.0
  checksum: c13f8530ecf16fc509f3fa5cd8dd2129ffa5d0c7ccdf5728b6022d52954c2d24be3706b4cdf15333eec52f1fbb43feb70a01dabc639d1d10071e371da8aaa52f
  languageName: node
  linkType: hard

"har-schema@npm:^2.0.0":
  version: 2.0.0
  resolution: "har-schema@npm:2.0.0"
  checksum: 3856cb76152658e0002b9c2b45b4360bb26b3e832c823caed8fcf39a01096030bf09fa5685c0f7b0f2cb3ecba6e9dce17edaf28b64a423d6201092e6be56e592
  languageName: node
  linkType: hard

"har-validator@npm:~5.1.3":
  version: 5.1.5
  resolution: "har-validator@npm:5.1.5"
  dependencies:
    ajv: ^6.12.3
    har-schema: ^2.0.0
  checksum: f1d606eb1021839e3a905be5ef7cca81c2256a6be0748efb8fefc14312214f9e6c15d7f2eaf37514104071207d84f627b68bb9f6178703da4e06fbd1a0649a5e
  languageName: node
  linkType: hard

"http-signature@npm:~1.3.1":
  version: 1.3.6
  resolution: "http-signature@npm:1.3.6"
  dependencies:
    assert-plus: ^1.0.0
    jsprim: ^2.0.2
    sshpk: ^1.14.1
  checksum: f8d15d8c91a5a80805530e2f401a3f83ed55162058651d86ad00df294b159a54e001b5d00e04983f7542a55865aee02d2d83d68c8499137ff2bc142553d8dfc2
  languageName: node
  linkType: hard

"is-plain-object@npm:^5.0.0":
  version: 5.0.0
  resolution: "is-plain-object@npm:5.0.0"
  checksum: 893e42bad832aae3511c71fd61c0bf61aa3a6d853061c62a307261842727d0d25f761ce9379f7ba7226d6179db2a3157efa918e7fe26360f3bf0842d9f28942c
  languageName: node
  linkType: hard

"is-stream@npm:^1.1.0":
  version: 1.1.0
  resolution: "is-stream@npm:1.1.0"
  checksum: b8ae7971e78d2e8488d15f804229c6eed7ed36a28f8807a1815938771f4adff0e705218b7dab968270433f67103e4fef98062a0beea55d64835f705ee72c7002
  languageName: node
  linkType: hard

"is-typedarray@npm:~1.0.0":
  version: 1.0.0
  resolution: "is-typedarray@npm:1.0.0"
  checksum: 4c096275ba041a17a13cca33ac21c16bc4fd2d7d7eb94525e7cd2c2f2c1a3ab956e37622290642501ff4310601e413b675cf399ad6db49855527d2163b3eeeec
  languageName: node
  linkType: hard

"isexe@npm:^2.0.0":
  version: 2.0.0
  resolution: "isexe@npm:2.0.0"
  checksum: 228cfa503fadc2c31596ab06ed6aa82c9976eec2bfd83397e7eaf06d0ccf42cd1dfd6743bf9aeb01aebd4156d009994c5f76ea898d2832c1fe342da923ca457d
  languageName: node
  linkType: hard

"isstream@npm:~0.1.2":
  version: 0.1.2
  resolution: "isstream@npm:0.1.2"
  checksum: a6686a878735ca0a48e0d674dd6d8ad31aedfaf70f07920da16ceadc7577b46d67179a60b313f2e6860cb097a2c2eb3cbd0b89e921ae89199a59a17c3273d66f
  languageName: node
  linkType: hard

"jira-client@npm:^8.1.0":
  version: 8.1.0
  resolution: "jira-client@npm:8.1.0"
  dependencies:
    "@babel/runtime": ^7.6.0
    postman-request: ^2.88.1-postman.30
  checksum: a0d0af14177dc6524e0549cd13787dd466462dd8daecdaf5d84e808a44dab7fc9a39a593c1d27c41f12e80c9c4c401137392429a21a1c00a7d0e2cb29aecec4e
  languageName: node
  linkType: hard

"js-yaml@npm:4.1.0":
  version: 4.1.0
  resolution: "js-yaml@npm:4.1.0"
  dependencies:
    argparse: ^2.0.1
  bin:
    js-yaml: bin/js-yaml.js
  checksum: 184a24b4eaacfce40ad9074c64fd42ac83cf74d8c8cd137718d456ced75051229e5061b8633c3366b8aada17945a7a356b337828c19da92b51ae62126575018f
  languageName: node
  linkType: hard

"jsbn@npm:~0.1.0":
  version: 0.1.1
  resolution: "jsbn@npm:0.1.1"
  checksum: e046e05c59ff880ee4ef68902dbdcb6d2f3c5d60c357d4d68647dc23add556c31c0e5f41bdb7e69e793dd63468bd9e085da3636341048ef577b18f5b713877c0
  languageName: node
  linkType: hard

"json-schema-traverse@npm:^0.4.1":
  version: 0.4.1
  resolution: "json-schema-traverse@npm:0.4.1"
  checksum: 108fa90d4cc6f08243aedc6da16c408daf81793bf903e9fd5ab21983cda433d5d2da49e40711da016289465ec2e62e0324dcdfbc06275a607fe3233fde4942ce
  languageName: node
  linkType: hard

"json-schema@npm:0.4.0":
  version: 0.4.0
  resolution: "json-schema@npm:0.4.0"
  checksum: d4a637ec1d83544857c1c163232f3da46912e971d5bf054ba44fdb88f07d8d359a462b4aec46f2745efbc57053365608d88bc1d7b1729f7b4fc3369765639ed3
  languageName: node
  linkType: hard

"json-stringify-safe@npm:~5.0.1":
  version: 5.0.1
  resolution: "json-stringify-safe@npm:5.0.1"
  checksum: 7dbf35cd0411d1d648dceb6d59ce5857ec939e52e4afc37601aa3da611f0987d5cee5b38d58329ceddf3ed48bd7215229c8d52059ab01f2444a338bf24ed0f37
  languageName: node
  linkType: hard

"jsonwebtoken@npm:^8.5.1":
  version: 8.5.1
  resolution: "jsonwebtoken@npm:8.5.1"
  dependencies:
    jws: ^3.2.2
    lodash.includes: ^4.3.0
    lodash.isboolean: ^3.0.3
    lodash.isinteger: ^4.0.4
    lodash.isnumber: ^3.0.3
    lodash.isplainobject: ^4.0.6
    lodash.isstring: ^4.0.1
    lodash.once: ^4.0.0
    ms: ^2.1.1
    semver: ^5.6.0
  checksum: c5ad937b6fa23a230efa8ed8ca3c0da8ebfdd377bafc3e8432a11b03ef90e733400a00b26c0dfee47db44a2e64b88b154b57e9926a92990f98dd25aaed15006e
  languageName: node
  linkType: hard

"jsprim@npm:^2.0.2":
  version: 2.0.2
  resolution: "jsprim@npm:2.0.2"
  dependencies:
    assert-plus: 1.0.0
    extsprintf: 1.3.0
    json-schema: 0.4.0
    verror: 1.10.0
  checksum: 677be2d41df536c92c6d0114a492ef197084018cfbb1a3e10b1fa1aad889564b2e3a7baa6af7949cc2d73678f42368b0be165a26bd4e4de6883a30dd6a24e98d
  languageName: node
  linkType: hard

"jwa@npm:^1.4.1":
  version: 1.4.1
  resolution: "jwa@npm:1.4.1"
  dependencies:
    buffer-equal-constant-time: 1.0.1
    ecdsa-sig-formatter: 1.0.11
    safe-buffer: ^5.0.1
  checksum: 5c533540bf38702e73cf14765805a94027c66a0aa8b16bc3e89d8d905e61a4ce2791e87e21be97d1293a5ee9d4f3e5e47737e671768265ca4f25706db551d5e9
  languageName: node
  linkType: hard

"jws@npm:^3.2.2":
  version: 3.2.2
  resolution: "jws@npm:3.2.2"
  dependencies:
    jwa: ^1.4.1
    safe-buffer: ^5.0.1
  checksum: e770704533d92df358adad7d1261fdecad4d7b66fa153ba80d047e03ca0f1f73007ce5ed3fbc04d2eba09ba6e7e6e645f351e08e5ab51614df1b0aa4f384dfff
  languageName: node
  linkType: hard

"lodash.includes@npm:^4.3.0":
  version: 4.3.0
  resolution: "lodash.includes@npm:4.3.0"
  checksum: 7ca498b9b75bf602d04e48c0adb842dfc7d90f77bcb2a91a2b2be34a723ad24bc1c8b3683ec6b2552a90f216c723cdea530ddb11a3320e08fa38265703978f4b
  languageName: node
  linkType: hard

"lodash.isboolean@npm:^3.0.3":
  version: 3.0.3
  resolution: "lodash.isboolean@npm:3.0.3"
  checksum: 0aac604c1ef7e72f9a6b798e5b676606042401dd58e49f051df3cc1e3adb497b3d7695635a5cbec4ae5f66456b951fdabe7d6b387055f13267cde521f10ec7f7
  languageName: node
  linkType: hard

"lodash.isinteger@npm:^4.0.4":
  version: 4.0.4
  resolution: "lodash.isinteger@npm:4.0.4"
  checksum: 4c3e023a2373bf65bf366d3b8605b97ec830bca702a926939bcaa53f8e02789b6a176e7f166b082f9365bfec4121bfeb52e86e9040cb8d450e64c858583f61b7
  languageName: node
  linkType: hard

"lodash.isnumber@npm:^3.0.3":
  version: 3.0.3
  resolution: "lodash.isnumber@npm:3.0.3"
  checksum: 2d01530513a1ee4f72dd79528444db4e6360588adcb0e2ff663db2b3f642d4bb3d687051ae1115751ca9082db4fdef675160071226ca6bbf5f0c123dbf0aa12d
  languageName: node
  linkType: hard

"lodash.isplainobject@npm:^4.0.6":
  version: 4.0.6
  resolution: "lodash.isplainobject@npm:4.0.6"
  checksum: afd70b5c450d1e09f32a737bed06ff85b873ecd3d3d3400458725283e3f2e0bb6bf48e67dbe7a309eb371a822b16a26cca4a63c8c52db3fc7dc9d5f9dd324cbb
  languageName: node
  linkType: hard

"lodash.isstring@npm:^4.0.1":
  version: 4.0.1
  resolution: "lodash.isstring@npm:4.0.1"
  checksum: 09eaf980a283f9eef58ef95b30ec7fee61df4d6bf4aba3b5f096869cc58f24c9da17900febc8ffd67819b4e29de29793190e88dc96983db92d84c95fa85d1c92
  languageName: node
  linkType: hard

"lodash.once@npm:^4.0.0":
  version: 4.1.1
  resolution: "lodash.once@npm:4.1.1"
  checksum: 46a9a0a66c45dd812fcc016e46605d85ad599fe87d71a02f6736220554b52ffbe82e79a483ad40f52a8a95755b0d1077fba259da8bfb6694a7abbf4a48f1fc04
  languageName: node
  linkType: hard

"lru-cache@npm:^6.0.0":
  version: 6.0.0
  resolution: "lru-cache@npm:6.0.0"
  dependencies:
    yallist: ^4.0.0
  checksum: cb53e582785c48187d7a188d3379c181b5ca2a9c78d2bce3e7dee36f32761d1c42983da3fe12b55cb74e1779fa94cdc2e5367c028a9b35317184ede0c07a30a9
  languageName: node
  linkType: hard

"macos-release@npm:^2.2.0":
  version: 2.4.1
  resolution: "macos-release@npm:2.4.1"
  checksum: bef96f10ba72c34921ff509e466391a5d3dbacfc04bb5d1933bae9e5d268f37cd221508e8a7e3ec7b9f2127362a48677ca9aee591031563966a8d33d7176f4e7
  languageName: node
  linkType: hard

"make-error@npm:^1.1.1":
  version: 1.3.6
  resolution: "make-error@npm:1.3.6"
  checksum: 171e458d86854c6b3fc46610cfacf0b45149ba043782558c6875d9f42f222124384ad0b468c92e996d815a8a2003817a710c0a160e49c1c394626f76fa45396f
  languageName: node
  linkType: hard

"mime-db@npm:1.52.0":
  version: 1.52.0
  resolution: "mime-db@npm:1.52.0"
  checksum: 0557a01deebf45ac5f5777fe7740b2a5c309c6d62d40ceab4e23da9f821899ce7a900b7ac8157d4548ddbb7beffe9abc621250e6d182b0397ec7f10c7b91a5aa
  languageName: node
  linkType: hard

"mime-types@npm:^2.1.12, mime-types@npm:~2.1.19":
  version: 2.1.35
  resolution: "mime-types@npm:2.1.35"
  dependencies:
    mime-db: 1.52.0
  checksum: 82fb07ec56d8ff1fc999a84f2f217aa46cb6ed1033fefaabd5785b9a974ed225c90dc72fff460259e66b95b73648596dbcc50d51ed69cdf464af2d237d3149b2
  languageName: node
  linkType: hard

"ms@npm:^2.1.1":
  version: 2.1.3
  resolution: "ms@npm:2.1.3"
  checksum: d924b57e7312b3b63ad21fc5b3dc0af5e78d61a1fc7cfb5457edaf26326bf62be5307cc87ffb6862ef1c2b33b0233cdb5d4f01c4c958cc0d660948b65a287a48
  languageName: node
  linkType: hard

"nice-try@npm:^1.0.4":
  version: 1.0.5
  resolution: "nice-try@npm:1.0.5"
  checksum: 95568c1b73e1d0d4069a3e3061a2102d854513d37bcfda73300015b7ba4868d3b27c198d1dbbd8ebdef4112fc2ed9e895d4a0f2e1cce0bd334f2a1346dc9205f
  languageName: node
  linkType: hard

"node-fetch@npm:2.6.7, node-fetch@npm:^2.6.1":
  version: 2.6.7
  resolution: "node-fetch@npm:2.6.7"
  dependencies:
    whatwg-url: ^5.0.0
  peerDependencies:
    encoding: ^0.1.0
  peerDependenciesMeta:
    encoding:
      optional: true
  checksum: fcae80f5ac52fbf5012f5e19df2bd3915e67d3b3ad51cb5942943df2238d32ba15890fecabd0e166876a9f98a581ab50f3f10eb942b09405c49ef8da36b826c7
  languageName: node
  linkType: hard

"npm-run-path@npm:^2.0.0":
  version: 2.0.2
  resolution: "npm-run-path@npm:2.0.2"
  dependencies:
    path-key: ^2.0.0
  checksum: 95549a477886f48346568c97b08c4fda9cdbf7ce8a4fbc2213f36896d0d19249e32d68d7451bdcbca8041b5fba04a6b2c4a618beaf19849505c05b700740f1de
  languageName: node
  linkType: hard

"oauth-sign@npm:~0.9.0":
  version: 0.9.0
  resolution: "oauth-sign@npm:0.9.0"
  checksum: fc92a516f6ddbb2699089a2748b04f55c47b6ead55a77cd3a2cbbce5f7af86164cb9425f9ae19acfd066f1ad7d3a96a67b8928c6ea946426f6d6c29e448497c2
  languageName: node
  linkType: hard

"oauth@npm:^0.9.15":
  version: 0.9.15
  resolution: "oauth@npm:0.9.15"
  checksum: 52204f2a082850efca7e8406e6c6085d89318dc8a85f5a8d6c5594921da36149eb6228bba324af8e2fd9019f084d814ddf835ace6b697ced2b4be0d75f91fb30
  languageName: node
  linkType: hard

"once@npm:^1.3.1, once@npm:^1.4.0":
  version: 1.4.0
  resolution: "once@npm:1.4.0"
  dependencies:
    wrappy: 1
  checksum: 5d48aca287dfefabd756621c5dfce5c91a549a93e9fdb7b8246bc4c4790aa2ec17b34a260530474635147aeb631a2dcc8b32c613df0675f96041cbb8244517d0
  languageName: node
  linkType: hard

"os-name@npm:^3.1.0":
  version: 3.1.0
  resolution: "os-name@npm:3.1.0"
  dependencies:
    macos-release: ^2.2.0
    windows-release: ^3.1.0
  checksum: da45495c391606afbefc4fcc5bf2ac37f92a32280a2ec8ed66d723b52a71783d65c1ad9e63f5f4a6d172f90e904de854627588cce9555bcad417d0e615d7e217
  languageName: node
  linkType: hard

"p-finally@npm:^1.0.0":
  version: 1.0.0
  resolution: "p-finally@npm:1.0.0"
  checksum: 6b8552339a71fe7bd424d01d8451eea92d379a711fc62f6b2fe64cad8a472c7259a236c9a22b4733abca0b5666ad503cb497792a0478c5af31ded793d00937e7
  languageName: node
  linkType: hard

"path-key@npm:^2.0.0, path-key@npm:^2.0.1":
  version: 2.0.1
  resolution: "path-key@npm:2.0.1"
  checksum: dd2044f029a8e58ac31d2bf34c34b93c3095c1481942960e84dd2faa95bbb71b9b762a106aead0646695330936414b31ca0bd862bf488a937ad17c8c5d73b32b
  languageName: node
  linkType: hard

"performance-now@npm:^2.1.0":
  version: 2.1.0
  resolution: "performance-now@npm:2.1.0"
  checksum: 22c54de06f269e29f640e0e075207af57de5052a3d15e360c09b9a8663f393f6f45902006c1e71aa8a5a1cdfb1a47fe268826f8496d6425c362f00f5bc3e85d9
  languageName: node
  linkType: hard

"postman-request@npm:^2.88.1-postman.30":
  version: 2.88.1-postman.31
  resolution: "postman-request@npm:2.88.1-postman.31"
  dependencies:
    "@postman/form-data": ~3.1.1
    "@postman/tunnel-agent": ^0.6.3
    aws-sign2: ~0.7.0
    aws4: ^1.8.0
    brotli: ~1.3.2
    caseless: ~0.12.0
    combined-stream: ~1.0.6
    extend: ~3.0.2
    forever-agent: ~0.6.1
    har-validator: ~5.1.3
    http-signature: ~1.3.1
    is-typedarray: ~1.0.0
    isstream: ~0.1.2
    json-stringify-safe: ~5.0.1
    mime-types: ~2.1.19
    oauth-sign: ~0.9.0
    performance-now: ^2.1.0
    qs: ~6.5.2
    safe-buffer: ^5.1.2
    stream-length: ^1.0.2
    tough-cookie: ~2.5.0
    uuid: ^3.3.2
  checksum: c6fa007701f352ef15ca0e9440beb9d5ea36f4e19752ec7d0e90b584b95f44a9966a568b7723ac96a9db82d17e6ebbaa8258ba103fb82b33905a2f57af8164aa
  languageName: node
  linkType: hard

"psl@npm:^1.1.28":
  version: 1.8.0
  resolution: "psl@npm:1.8.0"
  checksum: b5f1956f7530860e1918e7238291689fdc3cab9c2c0cdbc47cde21addcc7f62495d794692cc1e43e54728d273f78037e8e73ac43009509a1a7f823341f4039c8
  languageName: node
  linkType: hard

"pump@npm:^3.0.0":
  version: 3.0.0
  resolution: "pump@npm:3.0.0"
  dependencies:
    end-of-stream: ^1.1.0
    once: ^1.3.1
  checksum: bbdeda4f747cdf47db97428f3a135728669e56a0ae5f354a9ac5b74556556f5446a46f720a8f14ca2ece5be9b4d5d23c346db02b555f46739934cc6c093a5478
  languageName: node
  linkType: hard

"punycode@npm:^2.1.0, punycode@npm:^2.1.1":
  version: 2.1.1
  resolution: "punycode@npm:2.1.1"
  checksum: 83815ca9b9177f055771f31980cbec7ffaef10257d50a95ab99b4a30f0404846e85fa6887ee1bbc0aaddb7bad6d96e2fa150a016051ff0f6b92be4ad613ddca8
  languageName: node
  linkType: hard

"qs@npm:~6.5.2":
  version: 6.5.3
  resolution: "qs@npm:6.5.3"
  checksum: 6631d4f2fa9d315e480662646745a4aa3a708817fbffe2cbdacec8ab9be130f92740c66191770fe9b704bc5fa9c1cc1f6596f55ad132fef7bd3ad1582f199eb0
  languageName: node
  linkType: hard

"regenerator-runtime@npm:^0.13.4":
  version: 0.13.9
  resolution: "regenerator-runtime@npm:0.13.9"
  checksum: b0f26612204f061a84064d2f3361629eae09993939112b9ffc3680bb369ecd125764d6654eace9ef11b36b44282ee52b988dda946ea52d372e7599a30eea73ee
  languageName: node
  linkType: hard

"safe-buffer@npm:^5.0.1, safe-buffer@npm:^5.1.2":
  version: 5.2.1
  resolution: "safe-buffer@npm:5.2.1"
  checksum: 6501914237c0a86e9675d4e51d89ca3c21ffd6a31642efeba25ad65720bce6921c9e7e974e5be91a786b25aa058b5303285d3c15dbabf983a919f5f630d349f3
  languageName: node
  linkType: hard

"safer-buffer@npm:^2.0.2, safer-buffer@npm:^2.1.0, safer-buffer@npm:~2.1.0":
  version: 2.1.2
  resolution: "safer-buffer@npm:2.1.2"
  checksum: 7e3c8b2e88a1841c9671094bbaeebd94448111dd90a81a1f606f3f67708a6ec57763b3b47f06da09fc6054193e0e6709e77325415dc8422b04497a8070fa02d4
  languageName: node
  linkType: hard

"semver@npm:^5.5.0, semver@npm:^5.6.0":
  version: 5.7.1
  resolution: "semver@npm:5.7.1"
  bin:
    semver: ./bin/semver
  checksum: d4884f2aeca28bff35d0bd40ff0a9b2dfc4b36a883bf0ea5dc15d10d9a01bdc9041035b05f825d4b5ac8a56e490703dbf0d986d054de82cc5e9bad3f02ca6e00
  languageName: node
  linkType: hard

"shebang-command@npm:^1.2.0":
  version: 1.2.0
  resolution: "shebang-command@npm:1.2.0"
  dependencies:
    shebang-regex: ^1.0.0
  checksum: 7b20dbf04112c456b7fc258622dafd566553184ac9b6938dd30b943b065b21dabd3776460df534cc02480db5e1b6aec44700d985153a3da46e7db7f9bd21326d
  languageName: node
  linkType: hard

"shebang-regex@npm:^1.0.0":
  version: 1.0.0
  resolution: "shebang-regex@npm:1.0.0"
  checksum: 9abc45dee35f554ae9453098a13fdc2f1730e525a5eb33c51f096cc31f6f10a4b38074c1ebf354ae7bffa7229506083844008dfc3bb7818228568c0b2dc1fff2
  languageName: node
  linkType: hard

"signal-exit@npm:^3.0.0":
  version: 3.0.3
  resolution: "signal-exit@npm:3.0.3"
  checksum: 645cf460a417158e7d7fd03fb276aa12aecc49ab61a2ea36dac1987870a454e8af476ed926c8a8713a1adfde69c5964a4ca322c87fcca2367b36e1681207cf5f
  languageName: node
  linkType: hard

"source-map-support@npm:^0.5.17":
  version: 0.5.21
  resolution: "source-map-support@npm:0.5.21"
  dependencies:
    buffer-from: ^1.0.0
    source-map: ^0.6.0
  checksum: 9ee09942f415e0f721d6daad3917ec1516af746a8120bba7bb56278707a37f1eb8642bde456e98454b8a885023af81a16e646869975f06afc1a711fb90484e7d
  languageName: node
  linkType: hard

"source-map@npm:^0.6.0":
  version: 0.6.1
  resolution: "source-map@npm:0.6.1"
  checksum: ab55398007c5e5532957cb0beee2368529618ac0ab372d789806f5718123cc4367d57de3904b4e6a4170eb5a0b0f41373066d02ca0735a0c4d75c7d328d3e011
  languageName: node
  linkType: hard

"sshpk@npm:^1.14.1":
  version: 1.17.0
  resolution: "sshpk@npm:1.17.0"
  dependencies:
    asn1: ~0.2.3
    assert-plus: ^1.0.0
    bcrypt-pbkdf: ^1.0.0
    dashdash: ^1.12.0
    ecc-jsbn: ~0.1.1
    getpass: ^0.1.1
    jsbn: ~0.1.0
    safer-buffer: ^2.0.2
    tweetnacl: ~0.14.0
  bin:
    sshpk-conv: bin/sshpk-conv
    sshpk-sign: bin/sshpk-sign
    sshpk-verify: bin/sshpk-verify
  checksum: cf5e7f4c72e8a505ef41daac9f9ca26da365cfe26ae265a01ce98a8868991943857a8526c1cf98a42ef0dc4edf1dbe4e77aeea378cfeb58054beb78505e85402
  languageName: node
  linkType: hard

"stream-length@npm:^1.0.2":
  version: 1.0.2
  resolution: "stream-length@npm:1.0.2"
  dependencies:
    bluebird: ^2.6.2
  checksum: 30d8aacf47cba78f914b33f8274dd9ce8f4265bdd0de1943438e60b195f80536cdd3c80bd6c029a2b4c6dd07e4df0909a1bd289a664a1dbbbaedfeb27e9491cb
  languageName: node
  linkType: hard

"strip-eof@npm:^1.0.0":
  version: 1.0.0
  resolution: "strip-eof@npm:1.0.0"
  checksum: f336beed8622f7c1dd02f2cbd8422da9208fae81daf184f73656332899978919d5c0ca84dc6cfc49ad1fc4dd7badcde5412a063cf4e0d7f8ed95a13a63f68f45
  languageName: node
  linkType: hard

"tools@workspace:.":
  version: 0.0.0-use.local
  resolution: "tools@workspace:."
  dependencies:
    "@octokit/auth-app": ^2.4.5
    "@octokit/rest": ^17.11.0
    "@types/jira-client": ^7.1.4
    "@types/js-yaml": ^4.0.3
    commander: ^5.1.0
    jira-client: ^8.1.0
    js-yaml: 4.1.0
    node-fetch: 2.6.7
    oauth: ^0.9.15
    ts-node: ^9.1.1
    typescript: ^4.2.4
  languageName: unknown
  linkType: soft

"tough-cookie@npm:~2.5.0":
  version: 2.5.0
  resolution: "tough-cookie@npm:2.5.0"
  dependencies:
    psl: ^1.1.28
    punycode: ^2.1.1
  checksum: e1cadfb24d40d64ca16de05fa8192bc097b66aeeb2704199b055ff12f450e4f30c927ce250f53d01f39baad18e1c11d66f65e545c5c6269de4c366fafa4c0543
  languageName: node
  linkType: hard

"tr46@npm:~0.0.3":
  version: 0.0.3
  resolution: "tr46@npm:0.0.3"
  checksum: 047cb209a6b60c742f05c9d3ace8fa510bff609995c129a37ace03476a9b12db4dbf975e74600830ef0796e18882b2381fb5fb1f6b4f96b832c374de3ab91a11
  languageName: node
  linkType: hard

"ts-node@npm:^9.1.1":
  version: 9.1.1
  resolution: "ts-node@npm:9.1.1"
  dependencies:
    arg: ^4.1.0
    create-require: ^1.1.0
    diff: ^4.0.1
    make-error: ^1.1.1
    source-map-support: ^0.5.17
    yn: 3.1.1
  peerDependencies:
    typescript: ">=2.7"
  bin:
    ts-node: dist/bin.js
    ts-node-script: dist/bin-script.js
    ts-node-transpile-only: dist/bin-transpile.js
    ts-script: dist/bin-script-deprecated.js
  checksum: e0f904090aba4b3496fdfca640cfd92c1f5a41fa303b0ccb40f49be160699687a97a4dd5f57200646a3b83528952611d1c5ad5804ee25f338b017e7b1c13f0f4
  languageName: node
  linkType: hard

"tweetnacl@npm:^0.14.3, tweetnacl@npm:~0.14.0":
  version: 0.14.5
  resolution: "tweetnacl@npm:0.14.5"
  checksum: 4612772653512c7bc19e61923fbf42903f5e0389ec76a4a1f17195859d114671ea4aa3b734c2029ce7e1fa7e5cc8b80580f67b071ecf0b46b5636d030a0102a2
  languageName: node
  linkType: hard

"typescript@npm:^4.2.4":
  version: 4.6.2
  resolution: "typescript@npm:4.6.2"
  bin:
    tsc: bin/tsc
    tsserver: bin/tsserver
  checksum: 29fb8edbdc3bfc0ee043b1da9fb1d13e53f08997b920f3b2afbc5b1800c1510a2e9dbaec75135a1123cca8c405b5483629e9dd04f3933c6a0357b79e6d9fe460
  languageName: node
  linkType: hard

"typescript@patch:typescript@^4.2.4#~builtin<compat/typescript>":
  version: 4.6.2
  resolution: "typescript@patch:typescript@npm%3A4.6.2#~builtin<compat/typescript>::version=4.6.2&hash=f456af"
  bin:
    tsc: bin/tsc
    tsserver: bin/tsserver
  checksum: 92fe25239f0db8d649f4c8d061f78b43deacc1a95727f45ea5d799ebafae2a4891b11d6c6310e8ea38a928851da92d61ecd0e89b515a32e317279a4f1c707da1
  languageName: node
  linkType: hard

"universal-github-app-jwt@npm:^1.0.1":
  version: 1.1.0
  resolution: "universal-github-app-jwt@npm:1.1.0"
  dependencies:
    "@types/jsonwebtoken": ^8.3.3
    jsonwebtoken: ^8.5.1
  checksum: 48d0b58527c32bb4dad8d165649a4674c9c6c6ee00f56a5358f8079e063b6fefbf9c014269ca69e1c92b9a299faec6a6fa6a1b2b0029468fd35d776786aa7dc3
  languageName: node
  linkType: hard

"universal-user-agent@npm:^5.0.0":
  version: 5.0.0
  resolution: "universal-user-agent@npm:5.0.0"
  dependencies:
    os-name: ^3.1.0
  checksum: 83cc0f24d9e2531c674a076dbd5746984482af002c4442520b7538c3bc30434bbab1235abbcb84c61cb45d267897b57d17e47592f48baaabc21b9cd37f4239c1
  languageName: node
  linkType: hard

"universal-user-agent@npm:^6.0.0":
  version: 6.0.0
  resolution: "universal-user-agent@npm:6.0.0"
  checksum: ebeb0206963666c13bcf9ebc86d0577c7daed5870c05cd34d4972ee7a43b9ef20679baf2a8c83bf1b71d899bae67243ac4982d84ddaf9ba0355ff76595819961
  languageName: node
  linkType: hard

"uri-js@npm:^4.2.2":
  version: 4.4.1
  resolution: "uri-js@npm:4.4.1"
  dependencies:
    punycode: ^2.1.0
  checksum: 4ef57b45aa820d7ac6496e9208559986c665e49447cb072744c13b66925a362d96dd5a46c4530a6b8e203e5db5fe849369444440cb22ecfc26c679359e5dfa3c
  languageName: node
  linkType: hard

"uuid@npm:^3.3.2":
  version: 3.4.0
  resolution: "uuid@npm:3.4.0"
  bin:
    uuid: ./bin/uuid
  checksum: 1c13950df865c4f506ebfe0a24023571fa80edf2e62364297a537c80af09c618299797bbf2dbac6b1f8ae5ad182ba474b89db61e0e85839683991f7e08795347
  languageName: node
  linkType: hard

"verror@npm:1.10.0":
  version: 1.10.0
  resolution: "verror@npm:1.10.0"
  dependencies:
    assert-plus: ^1.0.0
    core-util-is: 1.0.2
    extsprintf: ^1.2.0
  checksum: 37ccdf8542b5863c525128908ac80f2b476eed36a32cb944de930ca1e2e78584cc435c4b9b4c68d0fc13a47b45ff364b4be43aa74f8804f9050140f660fb660d
  languageName: node
  linkType: hard

"webidl-conversions@npm:^3.0.0":
  version: 3.0.1
  resolution: "webidl-conversions@npm:3.0.1"
  checksum: 5612d5f3e54760a797052eb4927f0ddc01383550f542ccd33d5238cfd65aeed392a45ad38364970d0a0f4fea32e1f4d231b3d8dac4a3bdd385e5cf802ae097db
  languageName: node
  linkType: hard

"whatwg-url@npm:^5.0.0":
  version: 5.0.0
  resolution: "whatwg-url@npm:5.0.0"
  dependencies:
    tr46: ~0.0.3
    webidl-conversions: ^3.0.0
  checksum: 1588bed84d10b72d5eec1d0faa0722ba1962f1821e7539c535558fb5398d223b0c50d8acab950b8c488b4ba69043fd833cc2697056b167d8ad46fac3995a55d5
  languageName: node
  linkType: hard

"which@npm:^1.2.9":
  version: 1.3.1
  resolution: "which@npm:1.3.1"
  dependencies:
    isexe: ^2.0.0
  bin:
    which: ./bin/which
  checksum: e945a8b6bbf6821aaaef7f6e0c309d4b615ef35699576d5489b4261da9539f70393c6b2ce700ee4321c18f914ebe5644bc4631b15466ffbaad37d83151f6af59
  languageName: node
  linkType: hard

"windows-release@npm:^3.1.0":
  version: 3.3.3
  resolution: "windows-release@npm:3.3.3"
  dependencies:
    execa: ^1.0.0
  checksum: d81add605d94583724f0e7f4257e5f074cc3e6583b69ff79852cc191fa9e4686412476928adb28799fb27929db7eb1f07b282348ae072c80f6973ea42dc6dc74
  languageName: node
  linkType: hard

"wrappy@npm:1":
  version: 1.0.2
  resolution: "wrappy@npm:1.0.2"
  checksum: 56fece1a4018c6a6c8e28fbc88c87e0fbf4ea8fd64fc6c63b18f4acc4bd13e0ad2515189786dd2c30d3eec9663d70f4ecf699330002f8ccb547e4a18231fc9f0
  languageName: node
  linkType: hard

"yallist@npm:^4.0.0":
  version: 4.0.0
  resolution: "yallist@npm:4.0.0"
  checksum: 2286b5e8dbfe22204ab66e2ef5cc9bbb1e55dfc873bbe0d568aa943eb255d131890dfd5bf243637273d31119b870f49c18fcde2c6ffbb7a7a092b870dc90625a
  languageName: node
  linkType: hard

"yn@npm:3.1.1":
  version: 3.1.1
  resolution: "yn@npm:3.1.1"
  checksum: 0732468dd7622ed8a274f640f191f3eaf1f39d5349a1b72836df484998d7d9807fbea094e2f5486d6b0cd2414aad5775972df0e68f8604db89a239f0f4bf7443
  languageName: node
  linkType: hard
